
Microsoft Visual Studio Solution File, Format Version 12.00
# Visual Studio Version 16
VisualStudioVersion = 16.0.30320.27
MinimumVisualStudioVersion = 10.0.40219.1
Project("{FAE04EC0-301F-11D3-BF4B-00C04F79EFBC}") = "20200420MVCAdsWithAuthentication", "20200420MVCAdsWithAuthentication\20200420MVCAdsWithAuthentication.csproj", "{9F4F3ACE-0BCA-48F3-B2A7-89E0BB181273}"
EndProject
Project("{FAE04EC0-301F-11D3-BF4B-00C04F79EFBC}") = "AdsAuth.Data", "AdsAuth.Data\AdsAuth.Data.csproj", "{8B8FD8E8-3AAD-4B12-B320-C50FEA5332E1}"
EndProject
Global
	GlobalSection(SolutionConfigurationPlatforms) = preSolution
		Debug|Any CPU = Debug|Any CPU
		Release|Any CPU = Release|Any CPU
	EndGlobalSection
	GlobalSection(ProjectConfigurationPlatforms) = postSolution
		{9F4F3ACE-0BCA-48F3-B2A7-89E0BB181273}.Debug|Any CPU.ActiveCfg = Debug|Any CPU
		{9F4F3ACE-0BCA-48F3-B2A7-89E0BB181273}.Debug|Any CPU.Build.0 = Debug|Any CPU
		{9F4F3ACE-0BCA-48F3-B2A7-89E0BB181273}.Release|Any CPU.ActiveCfg = Release|Any CPU
		{9F4F3ACE-0BCA-48F3-B2A7-89E0BB181273}.Release|Any CPU.Build.0 = Release|Any CPU
		{8B8FD8E8-3AAD-4B12-B320-C50FEA5332E1}.Debug|Any CPU.ActiveCfg = Debug|Any CPU
		{8B8FD8E8-3AAD-4B12-B320-C50FEA5332E1}.Debug|Any CPU.Build.0 = Debug|Any CPU
		{8B8FD8E8-3AAD-4B12-B320-C50FEA5332E1}.Release|Any CPU.ActiveCfg = Release|Any CPU
		{8B8FD8E8-3AAD-4B12-B320-C50FEA5332E1}.Release|Any CPU.Build.0 = Release|Any CPU
	EndGlobalSection
	GlobalSection(SolutionProperties) = preSolution
		HideSolutionNode = FALSE
	EndGlobalSection
	GlobalSection(ExtensibilityGlobals) = postSolution
		SolutionGuid = {EB98D293-8FC4-47D4-8B66-0703687BD111}
	EndGlobalSection
EndGlobal
